<Solution Description="Visual Studio slnx file generated by Premake" Version="1.4">
  <Configurations>
    <BuildType Name="Debug" />
    <BuildType Name="Release" />
    <Platform Name="Win32" />
  </Configurations>
  <Project Path="GameTechlabWeek2.vcxproj" Id="10E212DB-FCDA-312D-250D-17B211651139">
  </Project>
</Solution>